// !$*UTF8*$!
{
	archiveVersion = 1;
	classes = {
	};
	objectVersion = 50;
	objects = {

/* Begin PBXBuildFile section */
		BB0094A620CF600200FEE5F2 /* UniversalParser.swift in Sources */ = {isa = PBXBuildFile; fileRef = BB0094A520CF600200FEE5F2 /* UniversalParser.swift */; };
		BB15B26B20C51DD2005522F8 /* TimeTableParser.swift in Sources */ = {isa = PBXBuildFile; fileRef = BB15B26A20C51DD2005522F8 /* TimeTableParser.swift */; };
		BB15B28320C616DB005522F8 /* Localizable.strings in Resources */ = {isa = PBXBuildFile; fileRef = BB15B28120C616DB005522F8 /* Localizable.strings */; };
		BB8F9C1C20DCA21300958050 /* StopLoader.swift in Sources */ = {isa = PBXBuildFile; fileRef = BB8F9C1B20DCA21300958050 /* StopLoader.swift */; };
		BBA8B28F20C15A78005C3307 /* DepartureTableViewCell.swift in Sources */ = {isa = PBXBuildFile; fileRef = BBA8B28E20C15A78005C3307 /* DepartureTableViewCell.swift */; };
		BBA8B29120C15BE4005C3307 /* DepartureTableViewController.swift in Sources */ = {isa = PBXBuildFile; fileRef = BBA8B29020C15BE4005C3307 /* DepartureTableViewController.swift */; };
		BBD72E6120DF3E930062C782 /* Connection.swift in Sources */ = {isa = PBXBuildFile; fileRef = BBD72E6020DF3E930062C782 /* Connection.swift */; };
		BBDA71D620BD126100849600 /* AppDelegate.swift in Sources */ = {isa = PBXBuildFile; fileRef = BBDA71D520BD126100849600 /* AppDelegate.swift */; };
		BBDA71D820BD126100849600 /* ViewController.swift in Sources */ = {isa = PBXBuildFile; fileRef = BBDA71D720BD126100849600 /* ViewController.swift */; };
		BBDA71DB20BD126100849600 /* Main.storyboard in Resources */ = {isa = PBXBuildFile; fileRef = BBDA71D920BD126100849600 /* Main.storyboard */; };
		BBDA71DD20BD126400849600 /* Assets.xcassets in Resources */ = {isa = PBXBuildFile; fileRef = BBDA71DC20BD126400849600 /* Assets.xcassets */; };
		BBDA71E020BD126400849600 /* LaunchScreen.storyboard in Resources */ = {isa = PBXBuildFile; fileRef = BBDA71DE20BD126400849600 /* LaunchScreen.storyboard */; };
		BBE1358E20BD8A92005E8BA0 /* Stop.swift in Sources */ = {isa = PBXBuildFile; fileRef = BBE1358D20BD8A92005E8BA0 /* Stop.swift */; };
		BBE1359020BE19B6005E8BA0 /* Departure.swift in Sources */ = {isa = PBXBuildFile; fileRef = BBE1358F20BE19B6005E8BA0 /* Departure.swift */; };
/* End PBXBuildFile section */

/* Begin PBXFileReference section */
		BB0094A520CF600200FEE5F2 /* UniversalParser.swift */ = {isa = PBXFileReference; lastKnownFileType = sourcecode.swift; path = UniversalParser.swift; sourceTree = "<group>"; };
		BB15B26A20C51DD2005522F8 /* TimeTableParser.swift */ = {isa = PBXFileReference; fileEncoding = 4; lastKnownFileType = sourcecode.swift; path = TimeTableParser.swift; sourceTree = "<group>"; };
		BB15B27B20C6125A005522F8 /* ja */ = {isa = PBXFileReference; lastKnownFileType = file.storyboard; name = ja; path = ja.lproj/Main.storyboard; sourceTree = "<group>"; };
		BB15B28220C616DB005522F8 /* Base */ = {isa = PBXFileReference; lastKnownFileType = text.plist.strings; name = Base; path = Base.lproj/Localizable.strings; sourceTree = "<group>"; };
		BB15B28420C616E4005522F8 /* ja */ = {isa = PBXFileReference; lastKnownFileType = text.plist.strings; name = ja; path = ja.lproj/Localizable.strings; sourceTree = "<group>"; };
		BB15B28520C8B8E8005522F8 /* de */ = {isa = PBXFileReference; lastKnownFileType = text.plist.strings; name = de; path = de.lproj/Localizable.strings; sourceTree = "<group>"; };
		BB15B28620C8B8E8005522F8 /* de */ = {isa = PBXFileReference; lastKnownFileType = file.storyboard; name = de; path = de.lproj/Main.storyboard; sourceTree = "<group>"; };
		BB8F9C1B20DCA21300958050 /* StopLoader.swift */ = {isa = PBXFileReference; lastKnownFileType = sourcecode.swift; path = StopLoader.swift; sourceTree = "<group>"; };
		BBA8B28320BE9AA2005C3307 /* SwiftSoup.framework */ = {isa = PBXFileReference; lastKnownFileType = wrapper.framework; name = SwiftSoup.framework; path = Carthage/Build/iOS/SwiftSoup.framework; sourceTree = "<group>"; };
		BBA8B28E20C15A78005C3307 /* DepartureTableViewCell.swift */ = {isa = PBXFileReference; lastKnownFileType = sourcecode.swift; path = DepartureTableViewCell.swift; sourceTree = "<group>"; };
		BBA8B29020C15BE4005C3307 /* DepartureTableViewController.swift */ = {isa = PBXFileReference; lastKnownFileType = sourcecode.swift; path = DepartureTableViewController.swift; sourceTree = "<group>"; };
		BBD72E6020DF3E930062C782 /* Connection.swift */ = {isa = PBXFileReference; lastKnownFileType = sourcecode.swift; path = Connection.swift; sourceTree = "<group>"; };
		BBDA71D220BD126100849600 /* Kotsu.app */ = {isa = PBXFileReference; explicitFileType = wrapper.application; includeInIndex = 0; path = Kotsu.app; sourceTree = BUILT_PRODUCTS_DIR; };
		BBDA71D520BD126100849600 /* AppDelegate.swift */ = {isa = PBXFileReference; lastKnownFileType = sourcecode.swift; path = AppDelegate.swift; sourceTree = "<group>"; };
		BBDA71D720BD126100849600 /* ViewController.swift */ = {isa = PBXFileReference; lastKnownFileType = sourcecode.swift; path = ViewController.swift; sourceTree = "<group>"; };
		BBDA71DA20BD126100849600 /* Base */ = {isa = PBXFileReference; lastKnownFileType = file.storyboard; name = Base; path = Base.lproj/Main.storyboard; sourceTree = "<group>"; };
		BBDA71DC20BD126400849600 /* Assets.xcassets */ = {isa = PBXFileReference; lastKnownFileType = folder.assetcatalog; path = Assets.xcassets; sourceTree = "<group>"; };
		BBDA71DF20BD126400849600 /* Base */ = {isa = PBXFileReference; lastKnownFileType = file.storyboard; name = Base; path = Base.lproj/LaunchScreen.storyboard; sourceTree = "<group>"; };
		BBDA71E120BD126400849600 /* Info.plist */ = {isa = PBXFileReference; lastKnownFileType = text.plist.xml; path = Info.plist; sourceTree = "<group>"; };
		BBE1358D20BD8A92005E8BA0 /* Stop.swift */ = {isa = PBXFileReference; fileEncoding = 4; lastKnownFileType = sourcecode.swift; path = Stop.swift; sourceTree = "<group>"; };
		BBE1358F20BE19B6005E8BA0 /* Departure.swift */ = {isa = PBXFileReference; fileEncoding = 4; lastKnownFileType = sourcecode.swift; path = Departure.swift; sourceTree = "<group>"; };
/* End PBXFileReference section */

/* Begin PBXFrameworksBuildPhase section */
		BBDA71CF20BD126100849600 /* Frameworks */ = {
			isa = PBXFrameworksBuildPhase;
			buildActionMask = 2147483647;
			files = (
			);
			runOnlyForDeploymentPostprocessing = 0;
		};
/* End PBXFrameworksBuildPhase section */

/* Begin PBXGroup section */
		BBA8B28220BE9AA2005C3307 /* Frameworks */ = {
			isa = PBXGroup;
			children = (
				BBA8B28320BE9AA2005C3307 /* SwiftSoup.framework */,
			);
			name = Frameworks;
			sourceTree = "<group>";
		};
		BBA8B28A20C00D18005C3307 /* Views */ = {
			isa = PBXGroup;
			children = (
				BB15B28120C616DB005522F8 /* Localizable.strings */,
				BBDA71D720BD126100849600 /* ViewController.swift */,
				BBDA71D920BD126100849600 /* Main.storyboard */,
				BBA8B29020C15BE4005C3307 /* DepartureTableViewController.swift */,
				BBA8B28E20C15A78005C3307 /* DepartureTableViewCell.swift */,
				BBDA71DE20BD126400849600 /* LaunchScreen.storyboard */,
			);
			path = Views;
			sourceTree = "<group>";
		};
		BBA8B28B20C00D2E005C3307 /* Models */ = {
			isa = PBXGroup;
			children = (
				BBE1359120BE19BE005E8BA0 /* Containers */,
				BB15B26A20C51DD2005522F8 /* TimeTableParser.swift */,
				BB0094A520CF600200FEE5F2 /* UniversalParser.swift */,
				BB8F9C1B20DCA21300958050 /* StopLoader.swift */,
			);
			path = Models;
			sourceTree = "<group>";
		};
		BBDA71C920BD126100849600 = {
			isa = PBXGroup;
			children = (
				BBDA71D420BD126100849600 /* Kotsu */,
				BBDA71D320BD126100849600 /* Products */,
				BBA8B28220BE9AA2005C3307 /* Frameworks */,
			);
			sourceTree = "<group>";
		};
		BBDA71D320BD126100849600 /* Products */ = {
			isa = PBXGroup;
			children = (
				BBDA71D220BD126100849600 /* Kotsu.app */,
			);
			name = Products;
			sourceTree = "<group>";
		};
		BBDA71D420BD126100849600 /* Kotsu */ = {
			isa = PBXGroup;
			children = (
				BBA8B28B20C00D2E005C3307 /* Models */,
				BBA8B28A20C00D18005C3307 /* Views */,
				BBDA71D520BD126100849600 /* AppDelegate.swift */,
				BBDA71DC20BD126400849600 /* Assets.xcassets */,
				BBDA71E120BD126400849600 /* Info.plist */,
			);
			path = Kotsu;
			sourceTree = "<group>";
		};
		BBE1359120BE19BE005E8BA0 /* Containers */ = {
			isa = PBXGroup;
			children = (
				BBE1358D20BD8A92005E8BA0 /* Stop.swift */,
				BBE1358F20BE19B6005E8BA0 /* Departure.swift */,
				BBD72E6020DF3E930062C782 /* Connection.swift */,
			);
			path = Containers;
			sourceTree = "<group>";
		};
/* End PBXGroup section */

/* Begin PBXNativeTarget section */
		BBDA71D120BD126100849600 /* Kotsu */ = {
			isa = PBXNativeTarget;
			buildConfigurationList = BBDA71E420BD126400849600 /* Build configuration list for PBXNativeTarget "Kotsu" */;
			buildPhases = (
				BBDA71CE20BD126100849600 /* Sources */,
				BBDA71CF20BD126100849600 /* Frameworks */,
				BBDA71D020BD126100849600 /* Resources */,
			);
			buildRules = (
			);
			dependencies = (
			);
			name = Kotsu;
			productName = Kotsu;
			productReference = BBDA71D220BD126100849600 /* Kotsu.app */;
			productType = "com.apple.product-type.application";
		};
/* End PBXNativeTarget section */

/* Begin PBXProject section */
		BBDA71CA20BD126100849600 /* Project object */ = {
			isa = PBXProject;
			attributes = {
				LastSwiftUpdateCheck = 0930;
				LastUpgradeCheck = 0930;
				ORGANIZATIONNAME = "Ubiquitous Computing Systems Laboratory";
				TargetAttributes = {
					BBDA71D120BD126100849600 = {
						CreatedOnToolsVersion = 9.3.1;
					};
				};
			};
			buildConfigurationList = BBDA71CD20BD126100849600 /* Build configuration list for PBXProject "Kotsu" */;
			compatibilityVersion = "Xcode 9.3";
			developmentRegion = en;
			hasScannedForEncodings = 0;
			knownRegions = (
				en,
				Base,
				ja,
				de,
			);
			mainGroup = BBDA71C920BD126100849600;
			productRefGroup = BBDA71D320BD126100849600 /* Products */;
			projectDirPath = "";
			projectRoot = "";
			targets = (
				BBDA71D120BD126100849600 /* Kotsu */,
			);
		};
/* End PBXProject section */

/* Begin PBXResourcesBuildPhase section */
		BBDA71D020BD126100849600 /* Resources */ = {
			isa = PBXResourcesBuildPhase;
			buildActionMask = 2147483647;
			files = (
				BBDA71E020BD126400849600 /* LaunchScreen.storyboard in Resources */,
				BB15B28320C616DB005522F8 /* Localizable.strings in Resources */,
				BBDA71DD20BD126400849600 /* Assets.xcassets in Resources */,
				BBDA71DB20BD126100849600 /* Main.storyboard in Resources */,
			);
			runOnlyForDeploymentPostprocessing = 0;
		};
/* End PBXResourcesBuildPhase section */

/* Begin PBXSourcesBuildPhase section */
		BBDA71CE20BD126100849600 /* Sources */ = {
			isa = PBXSourcesBuildPhase;
			buildActionMask = 2147483647;
			files = (
				BB0094A620CF600200FEE5F2 /* UniversalParser.swift in Sources */,
				BBDA71D820BD126100849600 /* ViewController.swift in Sources */,
				BBDA71D620BD126100849600 /* AppDelegate.swift in Sources */,
				BBE1358E20BD8A92005E8BA0 /* Stop.swift in Sources */,
				BBA8B28F20C15A78005C3307 /* DepartureTableViewCell.swift in Sources */,
				BB15B26B20C51DD2005522F8 /* TimeTableParser.swift in Sources */,
				BBE1359020BE19B6005E8BA0 /* Departure.swift in Sources */,
				BBD72E6120DF3E930062C782 /* Connection.swift in Sources */,
				BB8F9C1C20DCA21300958050 /* StopLoader.swift in Sources */,
				BBA8B29120C15BE4005C3307 /* DepartureTableViewController.swift in Sources */,
			);
			runOnlyForDeploymentPostprocessing = 0;
		};
/* End PBXSourcesBuildPhase section */

/* Begin PBXVariantGroup section */
		BB15B28120C616DB005522F8 /* Localizable.strings */ = {
			isa = PBXVariantGroup;
			children = (
				BB15B28220C616DB005522F8 /* Base */,
				BB15B28420C616E4005522F8 /* ja */,
				BB15B28520C8B8E8005522F8 /* de */,
			);
			name = Localizable.strings;
			sourceTree = "<group>";
		};
		BBDA71D920BD126100849600 /* Main.storyboard */ = {
			isa = PBXVariantGroup;
			children = (
				BBDA71DA20BD126100849600 /* Base */,
				BB15B27B20C6125A005522F8 /* ja */,
				BB15B28620C8B8E8005522F8 /* de */,
			);
			name = Main.storyboard;
			sourceTree = "<group>";
		};
		BBDA71DE20BD126400849600 /* LaunchScreen.storyboard */ = {
			isa = PBXVariantGroup;
			children = (
				BBDA71DF20BD126400849600 /* Base */,
			);
			name = LaunchScreen.storyboard;
			sourceTree = "<group>";
		};
/* End PBXVariantGroup section */

/* Begin XCBuildConfiguration section */
		BBDA71E220BD126400849600 /* Debug */ = {
			isa = XCBuildConfiguration;
			buildSettings = {
				ALWAYS_SEARCH_USER_PATHS = NO;
				CLANG_ANALYZER_LOCALIZABILITY_NONLOCALIZED = YES;
				CLANG_ANALYZER_NONNULL = YES;
				CLANG_ANALYZER_NUMBER_OBJECT_CONVERSION = YES_AGGRESSIVE;
				CLANG_CXX_LANGUAGE_STANDARD = "gnu++14";
				CLANG_CXX_LIBRARY = "libc++";
				CLANG_ENABLE_MODULES = YES;
				CLANG_ENABLE_OBJC_ARC = YES;
				CLANG_ENABLE_OBJC_WEAK = YES;
				CLANG_WARN_BLOCK_CAPTURE_AUTORELEASING = YES;
				CLANG_WARN_BOOL_CONVERSION = YES;
				CLANG_WARN_COMMA = YES;
				CLANG_WARN_CONSTANT_CONVERSION = YES;
				CLANG_WARN_DEPRECATED_OBJC_IMPLEMENTATIONS = YES;
				CLANG_WARN_DIRECT_OBJC_ISA_USAGE = YES_ERROR;
				CLANG_WARN_DOCUMENTATION_COMMENTS = YES;
				CLANG_WARN_EMPTY_BODY = YES;
				CLANG_WARN_ENUM_CONVERSION = YES;
				CLANG_WARN_INFINITE_RECURSION = YES;
				CLANG_WARN_INT_CONVERSION = YES;
				CLANG_WARN_NON_LITERAL_NULL_CONVERSION = YES;
				CLANG_WARN_OBJC_IMPLICIT_RETAIN_SELF = YES;
				CLANG_WARN_OBJC_LITERAL_CONVERSION = YES;
				CLANG_WARN_OBJC_ROOT_CLASS = YES_ERROR;
				CLANG_WARN_RANGE_LOOP_ANALYSIS = YES;
				CLANG_WARN_STRICT_PROTOTYPES = YES;
				CLANG_WARN_SUSPICIOUS_MOVE = YES;
				CLANG_WARN_UNGUARDED_AVAILABILITY = YES_AGGRESSIVE;
				CLANG_WARN_UNREACHABLE_CODE = YES;
				CLANG_WARN__DUPLICATE_METHOD_MATCH = YES;
				CODE_SIGN_IDENTITY = "iPhone Developer";
				COPY_PHASE_STRIP = NO;
				DEBUG_INFORMATION_FORMAT = dwarf;
				ENABLE_STRICT_OBJC_MSGSEND = YES;
				ENABLE_TESTABILITY = YES;
				GCC_C_LANGUAGE_STANDARD = gnu11;
				GCC_DYNAMIC_NO_PIC = NO;
				GCC_NO_COMMON_BLOCKS = YES;
				GCC_OPTIMIZATION_LEVEL = 0;
				GCC_PREPROCESSOR_DEFINITIONS = (
					"DEBUG=1",
					"$(inherited)",
				);
				GCC_WARN_64_TO_32_BIT_CONVERSION = YES;
				GCC_WARN_ABOUT_RETURN_TYPE = YES_ERROR;
				GCC_WARN_UNDECLARED_SELECTOR = YES;
				GCC_WARN_UNINITIALIZED_AUTOS = YES_AGGRESSIVE;
				GCC_WARN_UNUSED_FUNCTION = YES;
				GCC_WARN_UNUSED_VARIABLE = YES;
				IPHONEOS_DEPLOYMENT_TARGET = 10.0;
				MTL_ENABLE_DEBUG_INFO = YES;
				ONLY_ACTIVE_ARCH = YES;
				SDKROOT = iphoneos;
				SWIFT_ACTIVE_COMPILATION_CONDITIONS = DEBUG;
				SWIFT_OPTIMIZATION_LEVEL = "-Onone";
			};
			name = Debug;
		};
		BBDA71E320BD126400849600 /* Release */ = {
			isa = XCBuildConfiguration;
			buildSettings = {
				ALWAYS_SEARCH_USER_PATHS = NO;
				CLANG_ANALYZER_LOCALIZABILITY_NONLOCALIZED = YES;
				CLANG_ANALYZER_NONNULL = YES;
				CLANG_ANALYZER_NUMBER_OBJECT_CONVERSION = YES_AGGRESSIVE;
				CLANG_CXX_LANGUAGE_STANDARD = "gnu++14";
				CLANG_CXX_LIBRARY = "libc++";
				CLANG_ENABLE_MODULES = YES;
				CLANG_ENABLE_OBJC_ARC = YES;
				CLANG_ENABLE_OBJC_WEAK = YES;
				CLANG_WARN_BLOCK_CAPTURE_AUTORELEASING = YES;
				CLANG_WARN_BOOL_CONVERSION = YES;
				CLANG_WARN_COMMA = YES;
				CLANG_WARN_CONSTANT_CONVERSION = YES;
				CLANG_WARN_DEPRECATED_OBJC_IMPLEMENTATIONS = YES;
				CLANG_WARN_DIRECT_OBJC_ISA_USAGE = YES_ERROR;
				CLANG_WARN_DOCUMENTATION_COMMENTS = YES;
				CLANG_WARN_EMPTY_BODY = YES;
				CLANG_WARN_ENUM_CONVERSION = YES;
				CLANG_WARN_INFINITE_RECURSION = YES;
				CLANG_WARN_INT_CONVERSION = YES;
				CLANG_WARN_NON_LITERAL_NULL_CONVERSION = YES;
				CLANG_WARN_OBJC_IMPLICIT_RETAIN_SELF = YES;
				CLANG_WARN_OBJC_LITERAL_CONVERSION = YES;
				CLANG_WARN_OBJC_ROOT_CLASS = YES_ERROR;
				CLANG_WARN_RANGE_LOOP_ANALYSIS = YES;
				CLANG_WARN_STRICT_PROTOTYPES = YES;
				CLANG_WARN_SUSPICIOUS_MOVE = YES;
				CLANG_WARN_UNGUARDED_AVAILABILITY = YES_AGGRESSIVE;
				CLANG_WARN_UNREACHABLE_CODE = YES;
				CLANG_WARN__DUPLICATE_METHOD_MATCH = YES;
				CODE_SIGN_IDENTITY = "iPhone Developer";
				COPY_PHASE_STRIP = NO;
				DEBUG_INFORMATION_FORMAT = "dwarf-with-dsym";
				ENABLE_NS_ASSERTIONS = NO;
				ENABLE_STRICT_OBJC_MSGSEND = YES;
				GCC_C_LANGUAGE_STANDARD = gnu11;
				GCC_NO_COMMON_BLOCKS = YES;
				GCC_WARN_64_TO_32_BIT_CONVERSION = YES;
				GCC_WARN_ABOUT_RETURN_TYPE = YES_ERROR;
				GCC_WARN_UNDECLARED_SELECTOR = YES;
				GCC_WARN_UNINITIALIZED_AUTOS = YES_AGGRESSIVE;
				GCC_WARN_UNUSED_FUNCTION = YES;
				GCC_WARN_UNUSED_VARIABLE = YES;
				IPHONEOS_DEPLOYMENT_TARGET = 10.0;
				MTL_ENABLE_DEBUG_INFO = NO;
				SDKROOT = iphoneos;
				SWIFT_COMPILATION_MODE = wholemodule;
				SWIFT_OPTIMIZATION_LEVEL = "-O";
				VALIDATE_PRODUCT = YES;
			};
			name = Release;
		};
		BBDA71E520BD126400849600 /* Debug */ = {
			isa = XCBuildConfiguration;
			buildSettings = {
				ASSETCATALOG_COMPILER_APPICON_NAME = AppIcon;
				CODE_SIGN_IDENTITY = "iPhone Developer";
				CODE_SIGN_STYLE = Automatic;
				DEVELOPMENT_TEAM = ZY6FK4H66Q;
				FRAMEWORK_SEARCH_PATHS = (
					"$(inherited)",
					"$(PROJECT_DIR)/Carthage/Build/iOS",
				);
				INFOPLIST_FILE = Kotsu/Info.plist;
				IPHONEOS_DEPLOYMENT_TARGET = 10.0;
				LD_RUNPATH_SEARCH_PATHS = (
					"$(inherited)",
					"@executable_path/Frameworks",
				);
				PRODUCT_BUNDLE_IDENTIFIER = "jp.naist.ubi-lab.NaraKotsu";
				PRODUCT_NAME = "$(TARGET_NAME)";
				PROVISIONING_PROFILE_SPECIFIER = "";
				SWIFT_VERSION = 4.0;
				TARGETED_DEVICE_FAMILY = "1,2";
			};
			name = Debug;
		};
		BBDA71E620BD126400849600 /* Release */ = {
			isa = XCBuildConfiguration;
			buildSettings = {
				ASSETCATALOG_COMPILER_APPICON_NAME = AppIcon;
				CODE_SIGN_IDENTITY = "iPhone Developer";
				CODE_SIGN_STYLE = Automatic;
				DEVELOPMENT_TEAM = ZY6FK4H66Q;
				FRAMEWORK_SEARCH_PATHS = (
					"$(inherited)",
					"$(PROJECT_DIR)/Carthage/Build/iOS",
				);
				INFOPLIST_FILE = Kotsu/Info.plist;
				IPHONEOS_DEPLOYMENT_TARGET = 10.0;
				LD_RUNPATH_SEARCH_PATHS = (
					"$(inherited)",
					"@executable_path/Frameworks",
				);
				PRODUCT_BUNDLE_IDENTIFIER = "jp.naist.ubi-lab.NaraKotsu";
				PRODUCT_NAME = "$(TARGET_NAME)";
				PROVISIONING_PROFILE_SPECIFIER = "";
				SWIFT_VERSION = 4.0;
				TARGETED_DEVICE_FAMILY = "1,2";
			};
			name = Release;
		};
/* End XCBuildConfiguration section */

/* Begin XCConfigurationList section */
		BBDA71CD20BD126100849600 /* Build configuration list for PBXProject "Kotsu" */ = {
			isa = XCConfigurationList;
			buildConfigurations = (
				BBDA71E220BD126400849600 /* Debug */,
				BBDA71E320BD126400849600 /* Release */,
			);
			defaultConfigurationIsVisible = 0;
			defaultConfigurationName = Release;
		};
		BBDA71E420BD126400849600 /* Build configuration list for PBXNativeTarget "Kotsu" */ = {
			isa = XCConfigurationList;
			buildConfigurations = (
				BBDA71E520BD126400849600 /* Debug */,
				BBDA71E620BD126400849600 /* Release */,
			);
			defaultConfigurationIsVisible = 0;
			defaultConfigurationName = Release;
		};
/* End XCConfigurationList section */
	};
	rootObject = BBDA71CA20BD126100849600 /* Project object */;
}
